
Microsoft Visual Studio Solution File, Format Version 12.00
# Visual Studio Version 17
VisualStudioVersion = 17.5.33516.290
MinimumVisualStudioVersion = 10.0.40219.1
Project("{9A19103F-16F7-4668-BE54-9A1E7A4F7556}") = "OnlineShopWebApp", "OnlineShopWebApp\OnlineShopWebApp.csproj", "{BB347B72-247C-4410-8F3D-BF5675AFF791}"
EndProject
Project("{FAE04EC0-301F-11D3-BF4B-00C04F79EFBC}") = "OnlineShop.Db", "OnlineShop.Db\OnlineShop.Db.csproj", "{F116177B-095F-41BF-BD4A-B34E55664B5F}"
EndProject
Global
	GlobalSection(SolutionConfigurationPlatforms) = preSolution
		Debug|Any CPU = Debug|Any CPU
		Release|Any CPU = Release|Any CPU
	EndGlobalSection
	GlobalSection(ProjectConfigurationPlatforms) = postSolution
		{BB347B72-247C-4410-8F3D-BF5675AFF791}.Debug|Any CPU.ActiveCfg = Debug|Any CPU
		{BB347B72-247C-4410-8F3D-BF5675AFF791}.Debug|Any CPU.Build.0 = Debug|Any CPU
		{BB347B72-247C-4410-8F3D-BF5675AFF791}.Release|Any CPU.ActiveCfg = Release|Any CPU
		{BB347B72-247C-4410-8F3D-BF5675AFF791}.Release|Any CPU.Build.0 = Release|Any CPU
		{F116177B-095F-41BF-BD4A-B34E55664B5F}.Debug|Any CPU.ActiveCfg = Debug|Any CPU
		{F116177B-095F-41BF-BD4A-B34E55664B5F}.Debug|Any CPU.Build.0 = Debug|Any CPU
		{F116177B-095F-41BF-BD4A-B34E55664B5F}.Release|Any CPU.ActiveCfg = Release|Any CPU
		{F116177B-095F-41BF-BD4A-B34E55664B5F}.Release|Any CPU.Build.0 = Release|Any CPU
	EndGlobalSection
	GlobalSection(SolutionProperties) = preSolution
		HideSolutionNode = FALSE
	EndGlobalSection
	GlobalSection(ExtensibilityGlobals) = postSolution
		SolutionGuid = {ECEB9F65-4533-4067-AA49-09B2C0418E20}
	EndGlobalSection
EndGlobal
